
Microsoft Visual Studio Solution File, Format Version 12.00
# Visual Studio Version 16
VisualStudioVersion = 16.0.31205.134
MinimumVisualStudioVersion = 10.0.40219.1
Project("{FAE04EC0-301F-11D3-BF4B-00C04F79EFBC}") = "ConsoleApp1", "ConsoleApp1\ConsoleApp1.csproj", "{13A05BC4-8E5D-46F0-9D7E-F8BFD4076965}"
EndProject
Project("{FAE04EC0-301F-11D3-BF4B-00C04F79EFBC}") = "WebApplication1", "WebApplication1\WebApplication1.csproj", "{98B72F38-B46F-452C-BB6B-B511CB82D8A5}"
EndProject
Global
	GlobalSection(SolutionConfigurationPlatforms) = preSolution
		Debug|Any CPU = Debug|Any CPU
		Release|Any CPU = Release|Any CPU
	EndGlobalSection
	GlobalSection(ProjectConfigurationPlatforms) = postSolution
		{13A05BC4-8E5D-46F0-9D7E-F8BFD4076965}.Debug|Any CPU.ActiveCfg = Debug|Any CPU
		{13A05BC4-8E5D-46F0-9D7E-F8BFD4076965}.Debug|Any CPU.Build.0 = Debug|Any CPU
		{13A05BC4-8E5D-46F0-9D7E-F8BFD4076965}.Release|Any CPU.ActiveCfg = Release|Any CPU
		{13A05BC4-8E5D-46F0-9D7E-F8BFD4076965}.Release|Any CPU.Build.0 = Release|Any CPU
		{98B72F38-B46F-452C-BB6B-B511CB82D8A5}.Debug|Any CPU.ActiveCfg = Debug|Any CPU
		{98B72F38-B46F-452C-BB6B-B511CB82D8A5}.Debug|Any CPU.Build.0 = Debug|Any CPU
		{98B72F38-B46F-452C-BB6B-B511CB82D8A5}.Release|Any CPU.ActiveCfg = Release|Any CPU
		{98B72F38-B46F-452C-BB6B-B511CB82D8A5}.Release|Any CPU.Build.0 = Release|Any CPU
	EndGlobalSection
	GlobalSection(SolutionProperties) = preSolution
		HideSolutionNode = FALSE
	EndGlobalSection
	GlobalSection(ExtensibilityGlobals) = postSolution
		SolutionGuid = {4896B7B2-D9DB-4E5F-AEDB-ADCB6F20FF0C}
	EndGlobalSection
EndGlobal
